Microsoft Visual Studio Solution File, Format Version 12.00
# Visual Studio 15
VisualStudioVersion = 15.0.26124.0
MinimumVisualStudioVersion = 15.0.26124.0
Project("{9A19103F-16F7-4668-BE54-9A1E7A4F7556}") = "AutomationFramework", "AutomationFramework\AutomationFramework.csproj", "{D43B3D0D-E3EE-4118-9A04-44B7C1FCD665}"
EndProject
Project("{9A19103F-16F7-4668-BE54-9A1E7A4F7556}") = "Acceptance", "Acceptance\Acceptance.csproj", "{CEC62AC0-FBC3-4453-8AE4-E9E6BB4C2944}"
EndProject
Project("{9A19103F-16F7-4668-BE54-9A1E7A4F7556}") = "Pages", "Pages\Pages.csproj", "{B38422D0-1485-4A85-BBD3-4628782C7CA2}"
EndProject
Global
	GlobalSection(SolutionConfigurationPlatforms) = preSolution
		Debug|Any CPU = Debug|Any CPU
		Debug|x64 = Debug|x64
		Debug|x86 = Debug|x86
		Release|Any CPU = Release|Any CPU
		Release|x64 = Release|x64
		Release|x86 = Release|x86
	EndGlobalSection
	GlobalSection(ProjectConfigurationPlatforms) = postSolution
		{D43B3D0D-E3EE-4118-9A04-44B7C1FCD665}.Debug|Any CPU.ActiveCfg = Debug|Any CPU
		{D43B3D0D-E3EE-4118-9A04-44B7C1FCD665}.Debug|Any CPU.Build.0 = Debug|Any CPU
		{D43B3D0D-E3EE-4118-9A04-44B7C1FCD665}.Debug|x64.ActiveCfg = Debug|Any CPU
		{D43B3D0D-E3EE-4118-9A04-44B7C1FCD665}.Debug|x64.Build.0 = Debug|Any CPU
		{D43B3D0D-E3EE-4118-9A04-44B7C1FCD665}.Debug|x86.ActiveCfg = Debug|Any CPU
		{D43B3D0D-E3EE-4118-9A04-44B7C1FCD665}.Debug|x86.Build.0 = Debug|Any CPU
		{D43B3D0D-E3EE-4118-9A04-44B7C1FCD665}.Release|Any CPU.ActiveCfg = Release|Any CPU
		{D43B3D0D-E3EE-4118-9A04-44B7C1FCD665}.Release|Any CPU.Build.0 = Release|Any CPU
		{D43B3D0D-E3EE-4118-9A04-44B7C1FCD665}.Release|x64.ActiveCfg = Release|Any CPU
		{D43B3D0D-E3EE-4118-9A04-44B7C1FCD665}.Release|x64.Build.0 = Release|Any CPU
		{D43B3D0D-E3EE-4118-9A04-44B7C1FCD665}.Release|x86.ActiveCfg = Release|Any CPU
		{D43B3D0D-E3EE-4118-9A04-44B7C1FCD665}.Release|x86.Build.0 = Release|Any CPU
		{CEC62AC0-FBC3-4453-8AE4-E9E6BB4C2944}.Debug|Any CPU.ActiveCfg = Debug|Any CPU
		{CEC62AC0-FBC3-4453-8AE4-E9E6BB4C2944}.Debug|Any CPU.Build.0 = Debug|Any CPU
		{CEC62AC0-FBC3-4453-8AE4-E9E6BB4C2944}.Debug|x64.ActiveCfg = Debug|Any CPU
		{CEC62AC0-FBC3-4453-8AE4-E9E6BB4C2944}.Debug|x64.Build.0 = Debug|Any CPU
		{CEC62AC0-FBC3-4453-8AE4-E9E6BB4C2944}.Debug|x86.ActiveCfg = Debug|Any CPU
		{CEC62AC0-FBC3-4453-8AE4-E9E6BB4C2944}.Debug|x86.Build.0 = Debug|Any CPU
		{CEC62AC0-FBC3-4453-8AE4-E9E6BB4C2944}.Release|Any CPU.ActiveCfg = Release|Any CPU
		{CEC62AC0-FBC3-4453-8AE4-E9E6BB4C2944}.Release|Any CPU.Build.0 = Release|Any CPU
		{CEC62AC0-FBC3-4453-8AE4-E9E6BB4C2944}.Release|x64.ActiveCfg = Release|Any CPU
		{CEC62AC0-FBC3-4453-8AE4-E9E6BB4C2944}.Release|x64.Build.0 = Release|Any CPU
		{CEC62AC0-FBC3-4453-8AE4-E9E6BB4C2944}.Release|x86.ActiveCfg = Release|Any CPU
		{CEC62AC0-FBC3-4453-8AE4-E9E6BB4C2944}.Release|x86.Build.0 = Release|Any CPU
		{B38422D0-1485-4A85-BBD3-4628782C7CA2}.Debug|Any CPU.ActiveCfg = Debug|Any CPU
		{B38422D0-1485-4A85-BBD3-4628782C7CA2}.Debug|Any CPU.Build.0 = Debug|Any CPU
		{B38422D0-1485-4A85-BBD3-4628782C7CA2}.Debug|x64.ActiveCfg = Debug|Any CPU
		{B38422D0-1485-4A85-BBD3-4628782C7CA2}.Debug|x64.Build.0 = Debug|Any CPU
		{B38422D0-1485-4A85-BBD3-4628782C7CA2}.Debug|x86.ActiveCfg = Debug|Any CPU
		{B38422D0-1485-4A85-BBD3-4628782C7CA2}.Debug|x86.Build.0 = Debug|Any CPU
		{B38422D0-1485-4A85-BBD3-4628782C7CA2}.Release|Any CPU.ActiveCfg = Release|Any CPU
		{B38422D0-1485-4A85-BBD3-4628782C7CA2}.Release|Any CPU.Build.0 = Release|Any CPU
		{B38422D0-1485-4A85-BBD3-4628782C7CA2}.Release|x64.ActiveCfg = Release|Any CPU
		{B38422D0-1485-4A85-BBD3-4628782C7CA2}.Release|x64.Build.0 = Release|Any CPU
		{B38422D0-1485-4A85-BBD3-4628782C7CA2}.Release|x86.ActiveCfg = Release|Any CPU
		{B38422D0-1485-4A85-BBD3-4628782C7CA2}.Release|x86.Build.0 = Release|Any CPU
	EndGlobalSection
	GlobalSection(SolutionProperties) = preSolution
		HideSolutionNode = FALSE
	EndGlobalSection
	GlobalSection(ExtensibilityGlobals) = postSolution
		SolutionGuid = {E6843E7D-D0DB-4BCB-ACC4-F9306C268FA2}
	EndGlobalSection
EndGlobal
